{
  "version": "4",
  "specifiers": {
    "jsr:@canadaduane/ts-env@~0.3.3": "0.3.3",
    "jsr:@logtape/logtape@0.9": "0.9.0",
    "jsr:@std/assert@^1.0.12": "1.0.12",
    "jsr:@std/async@^1.0.12": "1.0.12",
    "jsr:@std/cli@1.0.15": "1.0.15",
    "jsr:@std/data-structures@^1.0.6": "1.0.6",
    "jsr:@std/expect@^1.0.14": "1.0.14",
    "jsr:@std/fs@1.0": "1.0.15",
    "jsr:@std/fs@1.0.15": "1.0.15",
    "jsr:@std/fs@^1.0.15": "1.0.15",
    "jsr:@std/internal@^1.0.6": "1.0.6",
    "jsr:@std/path@1.0.8": "1.0.8",
    "jsr:@std/path@^1.0.8": "1.0.8",
    "jsr:@std/testing@^1.0.10": "1.0.10",
    "npm:@folder/xdg@^4.0.1": "4.0.1",
    "npm:playwright@^1.51.1": "1.51.1",
    "npm:zod@^3.22.4": "3.24.2"
  },
  "jsr": {
    "@canadaduane/ts-env@0.3.3": {
      "integrity": "ccdb6230ad8bca95e0032bb4584f68d99c9dcf49d8d1ff707eb8d81dd5639b18",
      "dependencies": [
        "npm:zod"
      ]
    },
    "@logtape/logtape@0.9.0": {
      "integrity": "aacdeb0e040e5723021bef8b9b8c03ad7cffb5e2146a0024c30814930f6e7c89"
    },
    "@std/assert@1.0.12": {
      "integrity": "08009f0926dda9cbd8bef3a35d3b6a4b964b0ab5c3e140a4e0351fbf34af5b9a",
      "dependencies": [
        "jsr:@std/internal"
      ]
    },
    "@std/async@1.0.12": {
      "integrity": "d1bfcec459e8012846fe4e38dfc4241ab23240ecda3d8d6dfcf6d81a632e803d"
    },
    "@std/cli@1.0.15": {
      "integrity": "e79ba3272ec710ca44d8342a7688e6288b0b88802703f3264184b52893d5e93f"
    },
    "@std/data-structures@1.0.6": {
      "integrity": "76a7fd8080c66604c0496220a791860492ab21a04a63a969c0b9a0609bbbb760"
    },
    "@std/expect@1.0.14": {
      "integrity": "27b8200267c97206e38050aff18badc82e73b3072c1a6bdd59393ddea6f69183",
      "dependencies": [
        "jsr:@std/assert",
        "jsr:@std/internal"
      ]
    },
    "@std/fs@1.0.15": {
      "integrity": "c083fb479889d6440d768e498195c3fc499d426fbf9a6592f98f53884d1d3f41",
      "dependencies": [
        "jsr:@std/path@^1.0.8"
      ]
    },
    "@std/internal@1.0.6": {
      "integrity": "9533b128f230f73bd209408bb07a4b12f8d4255ab2a4d22a1fd6d87304aca9a4"
    },
    "@std/path@1.0.8": {
      "integrity": "548fa456bb6a04d3c1a1e7477986b6cffbce95102d0bb447c67c4ee70e0364be"
    },
    "@std/testing@1.0.10": {
      "integrity": "8997bd0b0df020b81bf5eae103c66622918adeff7e45e96291c92a29dbf82cc1",
      "dependencies": [
        "jsr:@std/assert",
        "jsr:@std/async",
        "jsr:@std/data-structures",
        "jsr:@std/fs@^1.0.15",
        "jsr:@std/internal",
        "jsr:@std/path@^1.0.8"
      ]
    }
  },
  "npm": {
    "@folder/xdg@4.0.1": {
      "integrity": "sha512-mIBEyXvNK6sX341FOR6ZyGBmq84sSSkG2ocwTDmi4kJfAF6z8W//6aeMAi6vD/FuTcd4q0Px0HMVyP3ggOT/bg==",
      "dependencies": [
        "ini",
        "picomatch",
        "toml",
        "write",
        "yaml"
      ]
    },
    "add-filename-increment@1.0.0": {
      "integrity": "sha512-pFV8VZX8jxuVMIycKvGZkWF/ihnUubu9lbQVnOnZWp7noVxbKQTNj7zG2y9fXdPcuZ6lAN3Drr517HaivGCjdQ==",
      "dependencies": [
        "strip-filename-increment"
      ]
    },
    "fsevents@2.3.2": {
      "integrity": "sha512-xiqMQR4xAeHTuB9uWm+fFRcIOgKBMiOBP+eXiyT7jsgVCq1bkVygt00oASowB7EdtpOHaaPgKt812P9ab+DDKA=="
    },
    "ini@4.1.3": {
      "integrity": "sha512-X7rqawQBvfdjS10YU1y1YVreA3SsLrW9dX2CewP2EbBJM4ypVNLDkO5y04gejPwKIY9lR+7r9gn3rFPt/kmWFg=="
    },
    "picomatch@2.3.1": {
      "integrity": "sha512-JU3teHTNjmE2VCGFzuY8EXzCDVwEqB2a8fsIvwaStHhAWJEeVd1o1QD80CU6+ZdEXXSLbSsuLwJjkCBWqRQUVA=="
    },
    "playwright-core@1.51.1": {
      "integrity": "sha512-/crRMj8+j/Nq5s8QcvegseuyeZPxpQCZb6HNk3Sos3BlZyAknRjoyJPFWkpNn8v0+P3WiwqFF8P+zQo4eqiNuw=="
    },
    "playwright@1.51.1": {
      "integrity": "sha512-kkx+MB2KQRkyxjYPc3a0wLZZoDczmppyGJIvQ43l+aZihkaVvmu/21kiyaHeHjiFxjxNNFnUncKmcGIyOojsaw==",
      "dependencies": [
        "fsevents",
        "playwright-core"
      ]
    },
    "strip-filename-increment@2.0.1": {
      "integrity": "sha512-+v5xsiTTsdYqkPj7qz1zlngIsjZedhHDi3xp/9bMurV8kXe9DAr732gNVqtt4X8sI3hOqS3nlFfps5gyVcux6w=="
    },
    "toml@3.0.0": {
      "integrity": "sha512-y/mWCZinnvxjTKYhJ+pYxwD0mRLVvOtdS2Awbgxln6iEnt4rk0yBxeSBHkGJcPucRiG0e55mwWp+g/05rsrd6w=="
    },
    "write@2.0.0": {
      "integrity": "sha512-yam9TAqN8sAZokECAejo9HpT2j2s39OgK8i8yxadrFBVo+iSWLfnipRVFulfAw1d2dz5vSuGmlMHYRKG4fysOA==",
      "dependencies": [
        "add-filename-increment"
      ]
    },
    "yaml@2.7.1": {
      "integrity": "sha512-10ULxpnOCQXxJvBgxsn9ptjq6uviG/htZKk9veJGhlqn3w/DxQ631zFF+nlQXLwmImeS5amR2dl2U8sg6U9jsQ=="
    },
    "zod@3.24.2": {
      "integrity": "sha512-lY7CDW43ECgW9u1TcT3IoXHflywfVqDYze4waEz812jR/bZ8FHDsl7pFQoSZTz5N+2NqRXs8GBwnAwo3ZNxqhQ=="
    }
  },
  "workspace": {
    "dependencies": [
      "jsr:@canadaduane/ts-env@~0.3.3",
      "jsr:@logtape/logtape@0.9",
      "jsr:@std/assert@^1.0.12",
      "jsr:@std/cli@1.0.15",
      "jsr:@std/expect@^1.0.14",
      "jsr:@std/fs@1.0.15",
      "jsr:@std/http-server@0.224.0",
      "jsr:@std/path@1.0.8",
      "jsr:@std/testing@^1.0.10",
      "npm:@folder/xdg@^4.0.1",
      "npm:playwright@^1.51.1",
      "npm:zod@^3.22.4"
    ]
  }
}
